{
  "name": "wedding-directory",
  "lockfileVersion": 3,
  "requires": true,
  "packages": {
    "": {
      "dependencies": {
        "grep": "^0.1.0"
      }
    },
    "node_modules/grep": {
      "version": "0.1.0",
      "resolved": "https://registry.npmjs.org/grep/-/grep-0.1.0.tgz",
      "integrity": "sha512-UNl3aKmGpK1Jocger8XN3hNt1gghfEOtlNbTFSVOEa5cNae2OJdG93n4m8d84pOUlIirefuaSF9qYHj0RIfBMA==",
      "engines": {
        "node": ">= 0.6.x"
      }
    }
  }
}
